
Microsoft Visual Studio Solution File, Format Version 12.00
# Visual Studio Version 16
VisualStudioVersion = 16.0.30413.136
MinimumVisualStudioVersion = 10.0.40219.1
Project("{FAE04EC0-301F-11D3-BF4B-00C04F79EFBC}") = "myServices", "myServices\myServices.csproj", "{FFF2626D-6776-4EA7-AE67-1A376782FAF8}"
EndProject
Project("{FAE04EC0-301F-11D3-BF4B-00C04F79EFBC}") = "myComponents.BaseObject", "myComponents.Object\myComponents.BaseObject.csproj", "{2045676C-E6CB-4F08-AFDD-F573D1DC3B8D}"
EndProject
Project("{FAE04EC0-301F-11D3-BF4B-00C04F79EFBC}") = "myComponents.Exchange", "myComponents.Exchange\myComponents.Exchange.csproj", "{D0A3707F-4F16-4EDC-9D0D-BB9FD7DF30BC}"
EndProject
Project("{FAE04EC0-301F-11D3-BF4B-00C04F79EFBC}") = "myComponents.Components.Web", "myComponents.Components.Web\myComponents.Components.Web.csproj", "{5FFD239D-6D7E-40AC-8E0F-595473420E3F}"
EndProject
Project("{FAE04EC0-301F-11D3-BF4B-00C04F79EFBC}") = "myComponents.SoftwareLocker", "myComponents.SoftwareLocker\myComponents.SoftwareLocker.csproj", "{2A803CAE-16F1-44C4-BF6D-2CAE88CDE659}"
EndProject
Project("{FAE04EC0-301F-11D3-BF4B-00C04F79EFBC}") = "myComponents.Crypto", "myComponents.Encryption\myComponents.Crypto.csproj", "{AA6006B0-DBD9-4F84-9A78-FDF38FBF4ACD}"
EndProject
Project("{FAE04EC0-301F-11D3-BF4B-00C04F79EFBC}") = "myComponents.SerialMaker", "myComponents.SerialMaker\myComponents.SerialMaker.csproj", "{0DCB3CFF-8B6E-4F1C-87CE-C9EEC111E92D}"
EndProject
Project("{FAE04EC0-301F-11D3-BF4B-00C04F79EFBC}") = "myComponents.Components.Forms", "myComponents.Components.Form\myComponents.Components.Forms.csproj", "{D3D1486F-3651-4FF2-BE9B-A48A257A67D7}"
EndProject
Project("{FAE04EC0-301F-11D3-BF4B-00C04F79EFBC}") = "myComponents.ActivationWebService", "myComponents.ActivationWebService\myComponents.ActivationWebService.csproj", "{22B88136-CE73-4FD5-9DEF-E357D88DB716}"
EndProject
Project("{FAE04EC0-301F-11D3-BF4B-00C04F79EFBC}") = "myComponents.Utilities", "myComponents.Utilities\myComponents.Utilities.csproj", "{BFAF733E-F91C-42A6-B226-A1C4C2EEBB47}"
EndProject
Project("{FAE04EC0-301F-11D3-BF4B-00C04F79EFBC}") = "myComponents.DatatablesDotNet", "myComponents.DatatablesDotNet\myComponents.DatatablesDotNet.csproj", "{86E0F418-8A47-43E8-B349-BF4C098DC1A2}"
EndProject
Project("{FAE04EC0-301F-11D3-BF4B-00C04F79EFBC}") = "myComponents.OpenERP7", "myComponents.OpenERP7\myComponents.OpenERP7.csproj", "{36598A77-D0EF-4CA1-87BF-E3E858B8281D}"
EndProject
Project("{FAE04EC0-301F-11D3-BF4B-00C04F79EFBC}") = "myComponents.MySqlDataReaderExtensions", "myComponents.MySqlDataReaderExtensions\myComponents.MySqlDataReaderExtensions.csproj", "{3BD48AF1-041E-4ACF-ACDD-3096000590AF}"
EndProject
Project("{FAE04EC0-301F-11D3-BF4B-00C04F79EFBC}") = "myComponents.ExpanderApp", "myComponents.ExpanderApp\myComponents.ExpanderApp.csproj", "{FAD1ADF8-B728-4B35-969A-86933C03E8CC}"
EndProject
Project("{FAE04EC0-301F-11D3-BF4B-00C04F79EFBC}") = "myComponents.MVC", "myComponents.MVC\myComponents.MVC.csproj", "{73D94827-8C71-4292-B162-0750DBA209F6}"
EndProject
Project("{FAE04EC0-301F-11D3-BF4B-00C04F79EFBC}") = "myComponents.pfSense", "myComponents.pfSense\myComponents.pfSense.csproj", "{0A6EF4E9-9F08-42A4-8CC9-068FE9BCA96A}"
EndProject
Project("{FAE04EC0-301F-11D3-BF4B-00C04F79EFBC}") = "myComponents.MSGraph", "myComponents.MSGraph\myComponents.MSGraph.csproj", "{668CE0CD-DF47-4D42-8F48-F2B3CF62A80D}"
EndProject
Project("{FAE04EC0-301F-11D3-BF4B-00C04F79EFBC}") = "myComponents.ESETMSP2", "myComponents.ESETMSP\myComponents.ESETMSP2.csproj", "{5FC536D2-CCAF-4AF7-BF2C-89BA9F2136F1}"
EndProject
Project("{FAE04EC0-301F-11D3-BF4B-00C04F79EFBC}") = "myComponents.ISPConfig", "myComponents.ISPConfig\myComponents.ISPConfig.csproj", "{5EABA141-5768-40A2-A1B5-C495D96EDD02}"
EndProject
Global
	GlobalSection(SolutionConfigurationPlatforms) = preSolution
		Debug|Any CPU = Debug|Any CPU
		Debug|Mixed Platforms = Debug|Mixed Platforms
		Debug|x86 = Debug|x86
		Release|Any CPU = Release|Any CPU
		Release|Mixed Platforms = Release|Mixed Platforms
		Release|x86 = Release|x86
	EndGlobalSection
	GlobalSection(ProjectConfigurationPlatforms) = postSolution
		{FFF2626D-6776-4EA7-AE67-1A376782FAF8}.Debug|Any CPU.ActiveCfg = Debug|x86
		{FFF2626D-6776-4EA7-AE67-1A376782FAF8}.Debug|Mixed Platforms.ActiveCfg = Debug|x86
		{FFF2626D-6776-4EA7-AE67-1A376782FAF8}.Debug|Mixed Platforms.Build.0 = Debug|x86
		{FFF2626D-6776-4EA7-AE67-1A376782FAF8}.Debug|x86.ActiveCfg = Debug|x86
		{FFF2626D-6776-4EA7-AE67-1A376782FAF8}.Debug|x86.Build.0 = Debug|x86
		{FFF2626D-6776-4EA7-AE67-1A376782FAF8}.Release|Any CPU.ActiveCfg = Release|x86
		{FFF2626D-6776-4EA7-AE67-1A376782FAF8}.Release|Mixed Platforms.ActiveCfg = Release|x86
		{FFF2626D-6776-4EA7-AE67-1A376782FAF8}.Release|Mixed Platforms.Build.0 = Release|x86
		{FFF2626D-6776-4EA7-AE67-1A376782FAF8}.Release|x86.ActiveCfg = Release|x86
		{FFF2626D-6776-4EA7-AE67-1A376782FAF8}.Release|x86.Build.0 = Release|x86
		{2045676C-E6CB-4F08-AFDD-F573D1DC3B8D}.Debug|Any CPU.ActiveCfg = Debug|Any CPU
		{2045676C-E6CB-4F08-AFDD-F573D1DC3B8D}.Debug|Any CPU.Build.0 = Debug|Any CPU
		{2045676C-E6CB-4F08-AFDD-F573D1DC3B8D}.Debug|Mixed Platforms.ActiveCfg = Debug|Any CPU
		{2045676C-E6CB-4F08-AFDD-F573D1DC3B8D}.Debug|Mixed Platforms.Build.0 = Debug|Any CPU
		{2045676C-E6CB-4F08-AFDD-F573D1DC3B8D}.Debug|x86.ActiveCfg = Debug|Any CPU
		{2045676C-E6CB-4F08-AFDD-F573D1DC3B8D}.Release|Any CPU.ActiveCfg = Release|Any CPU
		{2045676C-E6CB-4F08-AFDD-F573D1DC3B8D}.Release|Any CPU.Build.0 = Release|Any CPU
		{2045676C-E6CB-4F08-AFDD-F573D1DC3B8D}.Release|Mixed Platforms.ActiveCfg = Release|Any CPU
		{2045676C-E6CB-4F08-AFDD-F573D1DC3B8D}.Release|Mixed Platforms.Build.0 = Release|Any CPU
		{2045676C-E6CB-4F08-AFDD-F573D1DC3B8D}.Release|x86.ActiveCfg = Release|Any CPU
		{D0A3707F-4F16-4EDC-9D0D-BB9FD7DF30BC}.Debug|Any CPU.ActiveCfg = Debug|Any CPU
		{D0A3707F-4F16-4EDC-9D0D-BB9FD7DF30BC}.Debug|Any CPU.Build.0 = Debug|Any CPU
		{D0A3707F-4F16-4EDC-9D0D-BB9FD7DF30BC}.Debug|Mixed Platforms.ActiveCfg = Debug|Any CPU
		{D0A3707F-4F16-4EDC-9D0D-BB9FD7DF30BC}.Debug|Mixed Platforms.Build.0 = Debug|Any CPU
		{D0A3707F-4F16-4EDC-9D0D-BB9FD7DF30BC}.Debug|x86.ActiveCfg = Debug|Any CPU
		{D0A3707F-4F16-4EDC-9D0D-BB9FD7DF30BC}.Release|Any CPU.ActiveCfg = Release|Any CPU
		{D0A3707F-4F16-4EDC-9D0D-BB9FD7DF30BC}.Release|Any CPU.Build.0 = Release|Any CPU
		{D0A3707F-4F16-4EDC-9D0D-BB9FD7DF30BC}.Release|Mixed Platforms.ActiveCfg = Release|Any CPU
		{D0A3707F-4F16-4EDC-9D0D-BB9FD7DF30BC}.Release|Mixed Platforms.Build.0 = Release|Any CPU
		{D0A3707F-4F16-4EDC-9D0D-BB9FD7DF30BC}.Release|x86.ActiveCfg = Release|Any CPU
		{5FFD239D-6D7E-40AC-8E0F-595473420E3F}.Debug|Any CPU.ActiveCfg = Debug|Any CPU
		{5FFD239D-6D7E-40AC-8E0F-595473420E3F}.Debug|Any CPU.Build.0 = Debug|Any CPU
		{5FFD239D-6D7E-40AC-8E0F-595473420E3F}.Debug|Mixed Platforms.ActiveCfg = Debug|Any CPU
		{5FFD239D-6D7E-40AC-8E0F-595473420E3F}.Debug|Mixed Platforms.Build.0 = Debug|Any CPU
		{5FFD239D-6D7E-40AC-8E0F-595473420E3F}.Debug|x86.ActiveCfg = Debug|Any CPU
		{5FFD239D-6D7E-40AC-8E0F-595473420E3F}.Release|Any CPU.ActiveCfg = Release|Any CPU
		{5FFD239D-6D7E-40AC-8E0F-595473420E3F}.Release|Any CPU.Build.0 = Release|Any CPU
		{5FFD239D-6D7E-40AC-8E0F-595473420E3F}.Release|Mixed Platforms.ActiveCfg = Release|Any CPU
		{5FFD239D-6D7E-40AC-8E0F-595473420E3F}.Release|Mixed Platforms.Build.0 = Release|Any CPU
		{5FFD239D-6D7E-40AC-8E0F-595473420E3F}.Release|x86.ActiveCfg = Release|Any CPU
		{2A803CAE-16F1-44C4-BF6D-2CAE88CDE659}.Debug|Any CPU.ActiveCfg = Debug|Any CPU
		{2A803CAE-16F1-44C4-BF6D-2CAE88CDE659}.Debug|Any CPU.Build.0 = Debug|Any CPU
		{2A803CAE-16F1-44C4-BF6D-2CAE88CDE659}.Debug|Mixed Platforms.ActiveCfg = Debug|Any CPU
		{2A803CAE-16F1-44C4-BF6D-2CAE88CDE659}.Debug|Mixed Platforms.Build.0 = Debug|Any CPU
		{2A803CAE-16F1-44C4-BF6D-2CAE88CDE659}.Debug|x86.ActiveCfg = Debug|Any CPU
		{2A803CAE-16F1-44C4-BF6D-2CAE88CDE659}.Release|Any CPU.ActiveCfg = Release|Any CPU
		{2A803CAE-16F1-44C4-BF6D-2CAE88CDE659}.Release|Any CPU.Build.0 = Release|Any CPU
		{2A803CAE-16F1-44C4-BF6D-2CAE88CDE659}.Release|Mixed Platforms.ActiveCfg = Release|Any CPU
		{2A803CAE-16F1-44C4-BF6D-2CAE88CDE659}.Release|Mixed Platforms.Build.0 = Release|Any CPU
		{2A803CAE-16F1-44C4-BF6D-2CAE88CDE659}.Release|x86.ActiveCfg = Release|Any CPU
		{AA6006B0-DBD9-4F84-9A78-FDF38FBF4ACD}.Debug|Any CPU.ActiveCfg = Debug|Any CPU
		{AA6006B0-DBD9-4F84-9A78-FDF38FBF4ACD}.Debug|Any CPU.Build.0 = Debug|Any CPU
		{AA6006B0-DBD9-4F84-9A78-FDF38FBF4ACD}.Debug|Mixed Platforms.ActiveCfg = Debug|Any CPU
		{AA6006B0-DBD9-4F84-9A78-FDF38FBF4ACD}.Debug|Mixed Platforms.Build.0 = Debug|Any CPU
		{AA6006B0-DBD9-4F84-9A78-FDF38FBF4ACD}.Debug|x86.ActiveCfg = Debug|Any CPU
		{AA6006B0-DBD9-4F84-9A78-FDF38FBF4ACD}.Release|Any CPU.ActiveCfg = Release|Any CPU
		{AA6006B0-DBD9-4F84-9A78-FDF38FBF4ACD}.Release|Any CPU.Build.0 = Release|Any CPU
		{AA6006B0-DBD9-4F84-9A78-FDF38FBF4ACD}.Release|Mixed Platforms.ActiveCfg = Release|Any CPU
		{AA6006B0-DBD9-4F84-9A78-FDF38FBF4ACD}.Release|Mixed Platforms.Build.0 = Release|Any CPU
		{AA6006B0-DBD9-4F84-9A78-FDF38FBF4ACD}.Release|x86.ActiveCfg = Release|Any CPU
		{0DCB3CFF-8B6E-4F1C-87CE-C9EEC111E92D}.Debug|Any CPU.ActiveCfg = Debug|Any CPU
		{0DCB3CFF-8B6E-4F1C-87CE-C9EEC111E92D}.Debug|Any CPU.Build.0 = Debug|Any CPU
		{0DCB3CFF-8B6E-4F1C-87CE-C9EEC111E92D}.Debug|Mixed Platforms.ActiveCfg = Debug|Any CPU
		{0DCB3CFF-8B6E-4F1C-87CE-C9EEC111E92D}.Debug|Mixed Platforms.Build.0 = Debug|Any CPU
		{0DCB3CFF-8B6E-4F1C-87CE-C9EEC111E92D}.Debug|x86.ActiveCfg = Debug|Any CPU
		{0DCB3CFF-8B6E-4F1C-87CE-C9EEC111E92D}.Release|Any CPU.ActiveCfg = Release|Any CPU
		{0DCB3CFF-8B6E-4F1C-87CE-C9EEC111E92D}.Release|Any CPU.Build.0 = Release|Any CPU
		{0DCB3CFF-8B6E-4F1C-87CE-C9EEC111E92D}.Release|Mixed Platforms.ActiveCfg = Release|Any CPU
		{0DCB3CFF-8B6E-4F1C-87CE-C9EEC111E92D}.Release|Mixed Platforms.Build.0 = Release|Any CPU
		{0DCB3CFF-8B6E-4F1C-87CE-C9EEC111E92D}.Release|x86.ActiveCfg = Release|Any CPU
		{D3D1486F-3651-4FF2-BE9B-A48A257A67D7}.Debug|Any CPU.ActiveCfg = Debug|Any CPU
		{D3D1486F-3651-4FF2-BE9B-A48A257A67D7}.Debug|Any CPU.Build.0 = Debug|Any CPU
		{D3D1486F-3651-4FF2-BE9B-A48A257A67D7}.Debug|Mixed Platforms.ActiveCfg = Debug|Any CPU
		{D3D1486F-3651-4FF2-BE9B-A48A257A67D7}.Debug|Mixed Platforms.Build.0 = Debug|Any CPU
		{D3D1486F-3651-4FF2-BE9B-A48A257A67D7}.Debug|x86.ActiveCfg = Debug|Any CPU
		{D3D1486F-3651-4FF2-BE9B-A48A257A67D7}.Release|Any CPU.ActiveCfg = Release|Any CPU
		{D3D1486F-3651-4FF2-BE9B-A48A257A67D7}.Release|Any CPU.Build.0 = Release|Any CPU
		{D3D1486F-3651-4FF2-BE9B-A48A257A67D7}.Release|Mixed Platforms.ActiveCfg = Release|Any CPU
		{D3D1486F-3651-4FF2-BE9B-A48A257A67D7}.Release|Mixed Platforms.Build.0 = Release|Any CPU
		{D3D1486F-3651-4FF2-BE9B-A48A257A67D7}.Release|x86.ActiveCfg = Release|Any CPU
		{22B88136-CE73-4FD5-9DEF-E357D88DB716}.Debug|Any CPU.ActiveCfg = Debug|Any CPU
		{22B88136-CE73-4FD5-9DEF-E357D88DB716}.Debug|Any CPU.Build.0 = Debug|Any CPU
		{22B88136-CE73-4FD5-9DEF-E357D88DB716}.Debug|Mixed Platforms.ActiveCfg = Debug|Any CPU
		{22B88136-CE73-4FD5-9DEF-E357D88DB716}.Debug|Mixed Platforms.Build.0 = Debug|Any CPU
		{22B88136-CE73-4FD5-9DEF-E357D88DB716}.Debug|x86.ActiveCfg = Debug|Any CPU
		{22B88136-CE73-4FD5-9DEF-E357D88DB716}.Release|Any CPU.ActiveCfg = Release|Any CPU
		{22B88136-CE73-4FD5-9DEF-E357D88DB716}.Release|Any CPU.Build.0 = Release|Any CPU
		{22B88136-CE73-4FD5-9DEF-E357D88DB716}.Release|Mixed Platforms.ActiveCfg = Release|Any CPU
		{22B88136-CE73-4FD5-9DEF-E357D88DB716}.Release|Mixed Platforms.Build.0 = Release|Any CPU
		{22B88136-CE73-4FD5-9DEF-E357D88DB716}.Release|x86.ActiveCfg = Release|Any CPU
		{BFAF733E-F91C-42A6-B226-A1C4C2EEBB47}.Debug|Any CPU.ActiveCfg = Debug|Any CPU
		{BFAF733E-F91C-42A6-B226-A1C4C2EEBB47}.Debug|Any CPU.Build.0 = Debug|Any CPU
		{BFAF733E-F91C-42A6-B226-A1C4C2EEBB47}.Debug|Mixed Platforms.ActiveCfg = Debug|Any CPU
		{BFAF733E-F91C-42A6-B226-A1C4C2EEBB47}.Debug|Mixed Platforms.Build.0 = Debug|Any CPU
		{BFAF733E-F91C-42A6-B226-A1C4C2EEBB47}.Debug|x86.ActiveCfg = Debug|Any CPU
		{BFAF733E-F91C-42A6-B226-A1C4C2EEBB47}.Release|Any CPU.ActiveCfg = Release|Any CPU
		{BFAF733E-F91C-42A6-B226-A1C4C2EEBB47}.Release|Any CPU.Build.0 = Release|Any CPU
		{BFAF733E-F91C-42A6-B226-A1C4C2EEBB47}.Release|Mixed Platforms.ActiveCfg = Release|Any CPU
		{BFAF733E-F91C-42A6-B226-A1C4C2EEBB47}.Release|Mixed Platforms.Build.0 = Release|Any CPU
		{BFAF733E-F91C-42A6-B226-A1C4C2EEBB47}.Release|x86.ActiveCfg = Release|Any CPU
		{86E0F418-8A47-43E8-B349-BF4C098DC1A2}.Debug|Any CPU.ActiveCfg = Debug|Any CPU
		{86E0F418-8A47-43E8-B349-BF4C098DC1A2}.Debug|Any CPU.Build.0 = Debug|Any CPU
		{86E0F418-8A47-43E8-B349-BF4C098DC1A2}.Debug|Mixed Platforms.ActiveCfg = Debug|Any CPU
		{86E0F418-8A47-43E8-B349-BF4C098DC1A2}.Debug|Mixed Platforms.Build.0 = Debug|Any CPU
		{86E0F418-8A47-43E8-B349-BF4C098DC1A2}.Debug|x86.ActiveCfg = Debug|Any CPU
		{86E0F418-8A47-43E8-B349-BF4C098DC1A2}.Debug|x86.Build.0 = Debug|Any CPU
		{86E0F418-8A47-43E8-B349-BF4C098DC1A2}.Release|Any CPU.ActiveCfg = Release|Any CPU
		{86E0F418-8A47-43E8-B349-BF4C098DC1A2}.Release|Any CPU.Build.0 = Release|Any CPU
		{86E0F418-8A47-43E8-B349-BF4C098DC1A2}.Release|Mixed Platforms.ActiveCfg = Release|Any CPU
		{86E0F418-8A47-43E8-B349-BF4C098DC1A2}.Release|Mixed Platforms.Build.0 = Release|Any CPU
		{86E0F418-8A47-43E8-B349-BF4C098DC1A2}.Release|x86.ActiveCfg = Release|Any CPU
		{86E0F418-8A47-43E8-B349-BF4C098DC1A2}.Release|x86.Build.0 = Release|Any CPU
		{36598A77-D0EF-4CA1-87BF-E3E858B8281D}.Debug|Any CPU.ActiveCfg = Debug|Any CPU
		{36598A77-D0EF-4CA1-87BF-E3E858B8281D}.Debug|Any CPU.Build.0 = Debug|Any CPU
		{36598A77-D0EF-4CA1-87BF-E3E858B8281D}.Debug|Mixed Platforms.ActiveCfg = Debug|Any CPU
		{36598A77-D0EF-4CA1-87BF-E3E858B8281D}.Debug|Mixed Platforms.Build.0 = Debug|Any CPU
		{36598A77-D0EF-4CA1-87BF-E3E858B8281D}.Debug|x86.ActiveCfg = Debug|Any CPU
		{36598A77-D0EF-4CA1-87BF-E3E858B8281D}.Debug|x86.Build.0 = Debug|Any CPU
		{36598A77-D0EF-4CA1-87BF-E3E858B8281D}.Release|Any CPU.ActiveCfg = Release|Any CPU
		{36598A77-D0EF-4CA1-87BF-E3E858B8281D}.Release|Any CPU.Build.0 = Release|Any CPU
		{36598A77-D0EF-4CA1-87BF-E3E858B8281D}.Release|Mixed Platforms.ActiveCfg = Release|Any CPU
		{36598A77-D0EF-4CA1-87BF-E3E858B8281D}.Release|Mixed Platforms.Build.0 = Release|Any CPU
		{36598A77-D0EF-4CA1-87BF-E3E858B8281D}.Release|x86.ActiveCfg = Release|Any CPU
		{36598A77-D0EF-4CA1-87BF-E3E858B8281D}.Release|x86.Build.0 = Release|Any CPU
		{3BD48AF1-041E-4ACF-ACDD-3096000590AF}.Debug|Any CPU.ActiveCfg = Debug|Any CPU
		{3BD48AF1-041E-4ACF-ACDD-3096000590AF}.Debug|Any CPU.Build.0 = Debug|Any CPU
		{3BD48AF1-041E-4ACF-ACDD-3096000590AF}.Debug|Mixed Platforms.ActiveCfg = Debug|Any CPU
		{3BD48AF1-041E-4ACF-ACDD-3096000590AF}.Debug|Mixed Platforms.Build.0 = Debug|Any CPU
		{3BD48AF1-041E-4ACF-ACDD-3096000590AF}.Debug|x86.ActiveCfg = Debug|Any CPU
		{3BD48AF1-041E-4ACF-ACDD-3096000590AF}.Debug|x86.Build.0 = Debug|Any CPU
		{3BD48AF1-041E-4ACF-ACDD-3096000590AF}.Release|Any CPU.ActiveCfg = Release|Any CPU
		{3BD48AF1-041E-4ACF-ACDD-3096000590AF}.Release|Any CPU.Build.0 = Release|Any CPU
		{3BD48AF1-041E-4ACF-ACDD-3096000590AF}.Release|Mixed Platforms.ActiveCfg = Release|Any CPU
		{3BD48AF1-041E-4ACF-ACDD-3096000590AF}.Release|Mixed Platforms.Build.0 = Release|Any CPU
		{3BD48AF1-041E-4ACF-ACDD-3096000590AF}.Release|x86.ActiveCfg = Release|Any CPU
		{3BD48AF1-041E-4ACF-ACDD-3096000590AF}.Release|x86.Build.0 = Release|Any CPU
		{FAD1ADF8-B728-4B35-969A-86933C03E8CC}.Debug|Any CPU.ActiveCfg = Debug|Any CPU
		{FAD1ADF8-B728-4B35-969A-86933C03E8CC}.Debug|Any CPU.Build.0 = Debug|Any CPU
		{FAD1ADF8-B728-4B35-969A-86933C03E8CC}.Debug|Mixed Platforms.ActiveCfg = Debug|Any CPU
		{FAD1ADF8-B728-4B35-969A-86933C03E8CC}.Debug|Mixed Platforms.Build.0 = Debug|Any CPU
		{FAD1ADF8-B728-4B35-969A-86933C03E8CC}.Debug|x86.ActiveCfg = Debug|Any CPU
		{FAD1ADF8-B728-4B35-969A-86933C03E8CC}.Debug|x86.Build.0 = Debug|Any CPU
		{FAD1ADF8-B728-4B35-969A-86933C03E8CC}.Release|Any CPU.ActiveCfg = Release|Any CPU
		{FAD1ADF8-B728-4B35-969A-86933C03E8CC}.Release|Any CPU.Build.0 = Release|Any CPU
		{FAD1ADF8-B728-4B35-969A-86933C03E8CC}.Release|Mixed Platforms.ActiveCfg = Release|Any CPU
		{FAD1ADF8-B728-4B35-969A-86933C03E8CC}.Release|Mixed Platforms.Build.0 = Release|Any CPU
		{FAD1ADF8-B728-4B35-969A-86933C03E8CC}.Release|x86.ActiveCfg = Release|Any CPU
		{FAD1ADF8-B728-4B35-969A-86933C03E8CC}.Release|x86.Build.0 = Release|Any CPU
		{73D94827-8C71-4292-B162-0750DBA209F6}.Debug|Any CPU.ActiveCfg = Debug|Any CPU
		{73D94827-8C71-4292-B162-0750DBA209F6}.Debug|Any CPU.Build.0 = Debug|Any CPU
		{73D94827-8C71-4292-B162-0750DBA209F6}.Debug|Mixed Platforms.ActiveCfg = Debug|Any CPU
		{73D94827-8C71-4292-B162-0750DBA209F6}.Debug|Mixed Platforms.Build.0 = Debug|Any CPU
		{73D94827-8C71-4292-B162-0750DBA209F6}.Debug|x86.ActiveCfg = Debug|Any CPU
		{73D94827-8C71-4292-B162-0750DBA209F6}.Debug|x86.Build.0 = Debug|Any CPU
		{73D94827-8C71-4292-B162-0750DBA209F6}.Release|Any CPU.ActiveCfg = Release|Any CPU
		{73D94827-8C71-4292-B162-0750DBA209F6}.Release|Any CPU.Build.0 = Release|Any CPU
		{73D94827-8C71-4292-B162-0750DBA209F6}.Release|Mixed Platforms.ActiveCfg = Release|Any CPU
		{73D94827-8C71-4292-B162-0750DBA209F6}.Release|Mixed Platforms.Build.0 = Release|Any CPU
		{73D94827-8C71-4292-B162-0750DBA209F6}.Release|x86.ActiveCfg = Release|Any CPU
		{73D94827-8C71-4292-B162-0750DBA209F6}.Release|x86.Build.0 = Release|Any CPU
		{0A6EF4E9-9F08-42A4-8CC9-068FE9BCA96A}.Debug|Any CPU.ActiveCfg = Debug|Any CPU
		{0A6EF4E9-9F08-42A4-8CC9-068FE9BCA96A}.Debug|Any CPU.Build.0 = Debug|Any CPU
		{0A6EF4E9-9F08-42A4-8CC9-068FE9BCA96A}.Debug|Mixed Platforms.ActiveCfg = Debug|Any CPU
		{0A6EF4E9-9F08-42A4-8CC9-068FE9BCA96A}.Debug|Mixed Platforms.Build.0 = Debug|Any CPU
		{0A6EF4E9-9F08-42A4-8CC9-068FE9BCA96A}.Debug|x86.ActiveCfg = Debug|Any CPU
		{0A6EF4E9-9F08-42A4-8CC9-068FE9BCA96A}.Debug|x86.Build.0 = Debug|Any CPU
		{0A6EF4E9-9F08-42A4-8CC9-068FE9BCA96A}.Release|Any CPU.ActiveCfg = Release|Any CPU
		{0A6EF4E9-9F08-42A4-8CC9-068FE9BCA96A}.Release|Any CPU.Build.0 = Release|Any CPU
		{0A6EF4E9-9F08-42A4-8CC9-068FE9BCA96A}.Release|Mixed Platforms.ActiveCfg = Release|Any CPU
		{0A6EF4E9-9F08-42A4-8CC9-068FE9BCA96A}.Release|Mixed Platforms.Build.0 = Release|Any CPU
		{0A6EF4E9-9F08-42A4-8CC9-068FE9BCA96A}.Release|x86.ActiveCfg = Release|Any CPU
		{0A6EF4E9-9F08-42A4-8CC9-068FE9BCA96A}.Release|x86.Build.0 = Release|Any CPU
		{668CE0CD-DF47-4D42-8F48-F2B3CF62A80D}.Debug|Any CPU.ActiveCfg = Debug|Any CPU
		{668CE0CD-DF47-4D42-8F48-F2B3CF62A80D}.Debug|Any CPU.Build.0 = Debug|Any CPU
		{668CE0CD-DF47-4D42-8F48-F2B3CF62A80D}.Debug|Mixed Platforms.ActiveCfg = Debug|Any CPU
		{668CE0CD-DF47-4D42-8F48-F2B3CF62A80D}.Debug|Mixed Platforms.Build.0 = Debug|Any CPU
		{668CE0CD-DF47-4D42-8F48-F2B3CF62A80D}.Debug|x86.ActiveCfg = Debug|Any CPU
		{668CE0CD-DF47-4D42-8F48-F2B3CF62A80D}.Debug|x86.Build.0 = Debug|Any CPU
		{668CE0CD-DF47-4D42-8F48-F2B3CF62A80D}.Release|Any CPU.ActiveCfg = Release|Any CPU
		{668CE0CD-DF47-4D42-8F48-F2B3CF62A80D}.Release|Any CPU.Build.0 = Release|Any CPU
		{668CE0CD-DF47-4D42-8F48-F2B3CF62A80D}.Release|Mixed Platforms.ActiveCfg = Release|Any CPU
		{668CE0CD-DF47-4D42-8F48-F2B3CF62A80D}.Release|Mixed Platforms.Build.0 = Release|Any CPU
		{668CE0CD-DF47-4D42-8F48-F2B3CF62A80D}.Release|x86.ActiveCfg = Release|Any CPU
		{668CE0CD-DF47-4D42-8F48-F2B3CF62A80D}.Release|x86.Build.0 = Release|Any CPU
		{5FC536D2-CCAF-4AF7-BF2C-89BA9F2136F1}.Debug|Any CPU.ActiveCfg = Debug|Any CPU
		{5FC536D2-CCAF-4AF7-BF2C-89BA9F2136F1}.Debug|Any CPU.Build.0 = Debug|Any CPU
		{5FC536D2-CCAF-4AF7-BF2C-89BA9F2136F1}.Debug|Mixed Platforms.ActiveCfg = Debug|Any CPU
		{5FC536D2-CCAF-4AF7-BF2C-89BA9F2136F1}.Debug|Mixed Platforms.Build.0 = Debug|Any CPU
		{5FC536D2-CCAF-4AF7-BF2C-89BA9F2136F1}.Debug|x86.ActiveCfg = Debug|Any CPU
		{5FC536D2-CCAF-4AF7-BF2C-89BA9F2136F1}.Debug|x86.Build.0 = Debug|Any CPU
		{5FC536D2-CCAF-4AF7-BF2C-89BA9F2136F1}.Release|Any CPU.ActiveCfg = Release|Any CPU
		{5FC536D2-CCAF-4AF7-BF2C-89BA9F2136F1}.Release|Any CPU.Build.0 = Release|Any CPU
		{5FC536D2-CCAF-4AF7-BF2C-89BA9F2136F1}.Release|Mixed Platforms.ActiveCfg = Release|Any CPU
		{5FC536D2-CCAF-4AF7-BF2C-89BA9F2136F1}.Release|Mixed Platforms.Build.0 = Release|Any CPU
		{5FC536D2-CCAF-4AF7-BF2C-89BA9F2136F1}.Release|x86.ActiveCfg = Release|Any CPU
		{5FC536D2-CCAF-4AF7-BF2C-89BA9F2136F1}.Release|x86.Build.0 = Release|Any CPU
		{5EABA141-5768-40A2-A1B5-C495D96EDD02}.Debug|Any CPU.ActiveCfg = Debug|Any CPU
		{5EABA141-5768-40A2-A1B5-C495D96EDD02}.Debug|Any CPU.Build.0 = Debug|Any CPU
		{5EABA141-5768-40A2-A1B5-C495D96EDD02}.Debug|Mixed Platforms.ActiveCfg = Debug|Any CPU
		{5EABA141-5768-40A2-A1B5-C495D96EDD02}.Debug|Mixed Platforms.Build.0 = Debug|Any CPU
		{5EABA141-5768-40A2-A1B5-C495D96EDD02}.Debug|x86.ActiveCfg = Debug|Any CPU
		{5EABA141-5768-40A2-A1B5-C495D96EDD02}.Debug|x86.Build.0 = Debug|Any CPU
		{5EABA141-5768-40A2-A1B5-C495D96EDD02}.Release|Any CPU.ActiveCfg = Release|Any CPU
		{5EABA141-5768-40A2-A1B5-C495D96EDD02}.Release|Any CPU.Build.0 = Release|Any CPU
		{5EABA141-5768-40A2-A1B5-C495D96EDD02}.Release|Mixed Platforms.ActiveCfg = Release|Any CPU
		{5EABA141-5768-40A2-A1B5-C495D96EDD02}.Release|Mixed Platforms.Build.0 = Release|Any CPU
		{5EABA141-5768-40A2-A1B5-C495D96EDD02}.Release|x86.ActiveCfg = Release|Any CPU
		{5EABA141-5768-40A2-A1B5-C495D96EDD02}.Release|x86.Build.0 = Release|Any CPU
	EndGlobalSection
	GlobalSection(SolutionProperties) = preSolution
		HideSolutionNode = FALSE
	EndGlobalSection
	GlobalSection(ExtensibilityGlobals) = postSolution
		SolutionGuid = {B4695F4C-37CA-4E3A-A869-2F168CDA530B}
	EndGlobalSection
EndGlobal
